// !$*UTF8*$!
{
	archiveVersion = 1;
	classes = {
	};
	objectVersion = 46;
	objects = {

/* Begin PBXBuildFile section */
		2F0A7AE11DD12CA60023A74A /* AppDelegate.swift in Sources */ = {isa = PBXBuildFile; fileRef = 2F0A7AE01DD12CA60023A74A /* AppDelegate.swift */; };
		2F0A7AE31DD12CA60023A74A /* SignInVC.swift in Sources */ = {isa = PBXBuildFile; fileRef = 2F0A7AE21DD12CA60023A74A /* SignInVC.swift */; };
		2F0A7AE61DD12CA60023A74A /* Main.storyboard in Resources */ = {isa = PBXBuildFile; fileRef = 2F0A7AE41DD12CA60023A74A /* Main.storyboard */; };
		2F0A7AEB1DD12CA60023A74A /* LaunchScreen.storyboard in Resources */ = {isa = PBXBuildFile; fileRef = 2F0A7AE91DD12CA60023A74A /* LaunchScreen.storyboard */; };
		2F0A7AF31DD12D310023A74A /* GoogleService-Info.plist in Resources */ = {isa = PBXBuildFile; fileRef = 2F0A7AF21DD12D310023A74A /* GoogleService-Info.plist */; };
		2F0A7AF91DD14DEE0023A74A /* FancyView.swift in Sources */ = {isa = PBXBuildFile; fileRef = 2F0A7AF81DD14DEE0023A74A /* FancyView.swift */; };
		2F0A7AFC1DD14E960023A74A /* Constants.swift in Sources */ = {isa = PBXBuildFile; fileRef = 2F0A7AFB1DD14E960023A74A /* Constants.swift */; };
		2F0A7AFE1DD153320023A74A /* RoundButton.swift in Sources */ = {isa = PBXBuildFile; fileRef = 2F0A7AFD1DD153320023A74A /* RoundButton.swift */; };
		2F0A7B001DD155010023A74A /* FancyFeild.swift in Sources */ = {isa = PBXBuildFile; fileRef = 2F0A7AFF1DD155010023A74A /* FancyFeild.swift */; };
		2F0A7B021DD155F30023A74A /* FancyButton.swift in Sources */ = {isa = PBXBuildFile; fileRef = 2F0A7B011DD155F30023A74A /* FancyButton.swift */; };
		2F0A7B061DD2432B0023A74A /* FeedVC.swift in Sources */ = {isa = PBXBuildFile; fileRef = 2F0A7B051DD2432B0023A74A /* FeedVC.swift */; };
		2F0A7B081DD25B550023A74A /* Assets.xcassets in Resources */ = {isa = PBXBuildFile; fileRef = 2F0A7B071DD25B550023A74A /* Assets.xcassets */; };
		2F0A7B0A1DD25E040023A74A /* CircleView.swift in Sources */ = {isa = PBXBuildFile; fileRef = 2F0A7B091DD25E040023A74A /* CircleView.swift */; };
		2F0A7B0D1DD263CD0023A74A /* PostCell.swift in Sources */ = {isa = PBXBuildFile; fileRef = 2F0A7B0C1DD263CD0023A74A /* PostCell.swift */; };
		2F0A7B101DD27A000023A74A /* DataService.swift in Sources */ = {isa = PBXBuildFile; fileRef = 2F0A7B0F1DD27A000023A74A /* DataService.swift */; };
		2F0A7B121DD2A9770023A74A /* Post.swift in Sources */ = {isa = PBXBuildFile; fileRef = 2F0A7B111DD2A9770023A74A /* Post.swift */; };
		644C54FA5F349E68D65301D3 /* Pods_socialMedia.framework in Frameworks */ = {isa = PBXBuildFile; fileRef = A4828143F07968A5789B918D /* Pods_socialMedia.framework */; };
/* End PBXBuildFile section */

/* Begin PBXFileReference section */
		2F0A7ADD1DD12CA60023A74A /* socialMedia.app */ = {isa = PBXFileReference; explicitFileType = wrapper.application; includeInIndex = 0; path = socialMedia.app; sourceTree = BUILT_PRODUCTS_DIR; };
		2F0A7AE01DD12CA60023A74A /* AppDelegate.swift */ = {isa = PBXFileReference; lastKnownFileType = sourcecode.swift; path = AppDelegate.swift; sourceTree = "<group>"; };
		2F0A7AE21DD12CA60023A74A /* SignInVC.swift */ = {isa = PBXFileReference; lastKnownFileType = sourcecode.swift; path = SignInVC.swift; sourceTree = "<group>"; };
		2F0A7AE51DD12CA60023A74A /* Base */ = {isa = PBXFileReference; lastKnownFileType = file.storyboard; name = Base; path = Base.lproj/Main.storyboard; sourceTree = "<group>"; };
		2F0A7AEA1DD12CA60023A74A /* Base */ = {isa = PBXFileReference; lastKnownFileType = file.storyboard; name = Base; path = Base.lproj/LaunchScreen.storyboard; sourceTree = "<group>"; };
		2F0A7AEC1DD12CA60023A74A /* Info.plist */ = {isa = PBXFileReference; lastKnownFileType = text.plist.xml; path = Info.plist; sourceTree = "<group>"; };
		2F0A7AF21DD12D310023A74A /* GoogleService-Info.plist */ = {isa = PBXFileReference; fileEncoding = 4; lastKnownFileType = text.plist.xml; path = "GoogleService-Info.plist"; sourceTree = "<group>"; };
		2F0A7AF81DD14DEE0023A74A /* FancyView.swift */ = {isa = PBXFileReference; fileEncoding = 4; lastKnownFileType = sourcecode.swift; path = FancyView.swift; sourceTree = "<group>"; };
		2F0A7AFB1DD14E960023A74A /* Constants.swift */ = {isa = PBXFileReference; fileEncoding = 4; lastKnownFileType = sourcecode.swift; path = Constants.swift; sourceTree = "<group>"; };
		2F0A7AFD1DD153320023A74A /* RoundButton.swift */ = {isa = PBXFileReference; fileEncoding = 4; lastKnownFileType = sourcecode.swift; path = RoundButton.swift; sourceTree = "<group>"; };
		2F0A7AFF1DD155010023A74A /* FancyFeild.swift */ = {isa = PBXFileReference; fileEncoding = 4; lastKnownFileType = sourcecode.swift; path = FancyFeild.swift; sourceTree = "<group>"; };
		2F0A7B011DD155F30023A74A /* FancyButton.swift */ = {isa = PBXFileReference; fileEncoding = 4; lastKnownFileType = sourcecode.swift; path = FancyButton.swift; sourceTree = "<group>"; };
		2F0A7B041DD228350023A74A /* socialMedia.entitlements */ = {isa = PBXFileReference; lastKnownFileType = text.plist.entitlements; path = socialMedia.entitlements; sourceTree = "<group>"; };
		2F0A7B051DD2432B0023A74A /* FeedVC.swift */ = {isa = PBXFileReference; fileEncoding = 4; lastKnownFileType = sourcecode.swift; path = FeedVC.swift; sourceTree = "<group>"; };
		2F0A7B071DD25B550023A74A /* Assets.xcassets */ = {isa = PBXFileReference; lastKnownFileType = folder.assetcatalog; path = Assets.xcassets; sourceTree = "<group>"; };
		2F0A7B091DD25E040023A74A /* CircleView.swift */ = {isa = PBXFileReference; fileEncoding = 4; lastKnownFileType = sourcecode.swift; path = CircleView.swift; sourceTree = "<group>"; };
		2F0A7B0C1DD263CD0023A74A /* PostCell.swift */ = {isa = PBXFileReference; fileEncoding = 4; lastKnownFileType = sourcecode.swift; path = PostCell.swift; sourceTree = "<group>"; };
		2F0A7B0F1DD27A000023A74A /* DataService.swift */ = {isa = PBXFileReference; fileEncoding = 4; lastKnownFileType = sourcecode.swift; path = DataService.swift; sourceTree = "<group>"; };
		2F0A7B111DD2A9770023A74A /* Post.swift */ = {isa = PBXFileReference; fileEncoding = 4; lastKnownFileType = sourcecode.swift; path = Post.swift; sourceTree = "<group>"; };
		4ED8B2367EEC6AF4270A22C8 /* Pods-socialMedia.debug.xcconfig */ = {isa = PBXFileReference; includeInIndex = 1; lastKnownFileType = text.xcconfig; name = "Pods-socialMedia.debug.xcconfig"; path = "Pods/Target Support Files/Pods-socialMedia/Pods-socialMedia.debug.xcconfig"; sourceTree = "<group>"; };
		8E3A7257713CF5E10AB615A8 /* Pods-socialMedia.release.xcconfig */ = {isa = PBXFileReference; includeInIndex = 1; lastKnownFileType = text.xcconfig; name = "Pods-socialMedia.release.xcconfig"; path = "Pods/Target Support Files/Pods-socialMedia/Pods-socialMedia.release.xcconfig"; sourceTree = "<group>"; };
		A4828143F07968A5789B918D /* Pods_socialMedia.framework */ = {isa = PBXFileReference; explicitFileType = wrapper.framework; includeInIndex = 0; path = Pods_socialMedia.framework; sourceTree = BUILT_PRODUCTS_DIR; };
/* End PBXFileReference section */

/* Begin PBXFrameworksBuildPhase section */
		2F0A7ADA1DD12CA60023A74A /* Frameworks */ = {
			isa = PBXFrameworksBuildPhase;
			buildActionMask = 2147483647;
			files = (
				644C54FA5F349E68D65301D3 /* Pods_socialMedia.framework in Frameworks */,
			);
			runOnlyForDeploymentPostprocessing = 0;
		};
/* End PBXFrameworksBuildPhase section */

/* Begin PBXGroup section */
		2F0A7AD41DD12CA60023A74A = {
			isa = PBXGroup;
			children = (
				2F0A7ADF1DD12CA60023A74A /* socialMedia */,
				2F0A7ADE1DD12CA60023A74A /* Products */,
				D3B8CD99AF4D628E4235C467 /* Pods */,
				8696AD9464F8F9293E347F0C /* Frameworks */,
			);
			sourceTree = "<group>";
		};
		2F0A7ADE1DD12CA60023A74A /* Products */ = {
			isa = PBXGroup;
			children = (
				2F0A7ADD1DD12CA60023A74A /* socialMedia.app */,
			);
			name = Products;
			sourceTree = "<group>";
		};
		2F0A7ADF1DD12CA60023A74A /* socialMedia */ = {
			isa = PBXGroup;
			children = (
				2F0A7B041DD228350023A74A /* socialMedia.entitlements */,
				2F0A7B0E1DD279EA0023A74A /* Services */,
				2F0A7AFA1DD14E890023A74A /* Util */,
				2F0A7AF61DD12F120023A74A /* View */,
				2F0A7AF51DD12F0B0023A74A /* Controller */,
				2F0A7AF41DD12F010023A74A /* Model */,
				2F0A7AE01DD12CA60023A74A /* AppDelegate.swift */,
				2F0A7AE41DD12CA60023A74A /* Main.storyboard */,
				2F0A7AE91DD12CA60023A74A /* LaunchScreen.storyboard */,
				2F0A7AEC1DD12CA60023A74A /* Info.plist */,
				2F0A7AF21DD12D310023A74A /* GoogleService-Info.plist */,
				2F0A7B071DD25B550023A74A /* Assets.xcassets */,
			);
			path = socialMedia;
			sourceTree = "<group>";
		};
		2F0A7AF41DD12F010023A74A /* Model */ = {
			isa = PBXGroup;
			children = (
				2F0A7B111DD2A9770023A74A /* Post.swift */,
			);
			name = Model;
			sourceTree = "<group>";
		};
		2F0A7AF51DD12F0B0023A74A /* Controller */ = {
			isa = PBXGroup;
			children = (
				2F0A7AE21DD12CA60023A74A /* SignInVC.swift */,
				2F0A7B051DD2432B0023A74A /* FeedVC.swift */,
			);
			name = Controller;
			sourceTree = "<group>";
		};
		2F0A7AF61DD12F120023A74A /* View */ = {
			isa = PBXGroup;
			children = (
				2F0A7B131DD37F030023A74A /* shape */,
				2F0A7B0C1DD263CD0023A74A /* PostCell.swift */,
			);
			name = View;
			sourceTree = "<group>";
		};
		2F0A7AFA1DD14E890023A74A /* Util */ = {
			isa = PBXGroup;
			children = (
				2F0A7AFB1DD14E960023A74A /* Constants.swift */,
			);
			name = Util;
			sourceTree = "<group>";
		};
		2F0A7B0E1DD279EA0023A74A /* Services */ = {
			isa = PBXGroup;
			children = (
				2F0A7B0F1DD27A000023A74A /* DataService.swift */,
			);
			name = Services;
			sourceTree = "<group>";
		};
		2F0A7B131DD37F030023A74A /* shape */ = {
			isa = PBXGroup;
			children = (
				2F0A7AF81DD14DEE0023A74A /* FancyView.swift */,
				2F0A7AFD1DD153320023A74A /* RoundButton.swift */,
				2F0A7AFF1DD155010023A74A /* FancyFeild.swift */,
				2F0A7B011DD155F30023A74A /* FancyButton.swift */,
				2F0A7B091DD25E040023A74A /* CircleView.swift */,
			);
			name = shape;
			sourceTree = "<group>";
		};
		8696AD9464F8F9293E347F0C /* Frameworks */ = {
			isa = PBXGroup;
			children = (
				A4828143F07968A5789B918D /* Pods_socialMedia.framework */,
			);
			name = Frameworks;
			sourceTree = "<group>";
		};
		D3B8CD99AF4D628E4235C467 /* Pods */ = {
			isa = PBXGroup;
			children = (
				4ED8B2367EEC6AF4270A22C8 /* Pods-socialMedia.debug.xcconfig */,
				8E3A7257713CF5E10AB615A8 /* Pods-socialMedia.release.xcconfig */,
			);
			name = Pods;
			sourceTree = "<group>";
		};
/* End PBXGroup section */

/* Begin PBXNativeTarget section */
		2F0A7ADC1DD12CA60023A74A /* socialMedia */ = {
			isa = PBXNativeTarget;
			buildConfigurationList = 2F0A7AEF1DD12CA60023A74A /* Build configuration list for PBXNativeTarget "socialMedia" */;
			buildPhases = (
				7A9C5872E65C1B975AC8FB94 /* [CP] Check Pods Manifest.lock */,
				2F0A7AD91DD12CA60023A74A /* Sources */,
				2F0A7ADA1DD12CA60023A74A /* Frameworks */,
				2F0A7ADB1DD12CA60023A74A /* Resources */,
				B0A5D2BB0A2F49CD9AD42785 /* [CP] Embed Pods Frameworks */,
				84337230C53FD762DB3DD388 /* [CP] Copy Pods Resources */,
			);
			buildRules = (
			);
			dependencies = (
			);
			name = socialMedia;
			productName = socialMedia;
			productReference = 2F0A7ADD1DD12CA60023A74A /* socialMedia.app */;
			productType = "com.apple.product-type.application";
		};
/* End PBXNativeTarget section */

/* Begin PBXProject section */
		2F0A7AD51DD12CA60023A74A /* Project object */ = {
			isa = PBXProject;
			attributes = {
				LastSwiftUpdateCheck = 0810;
				LastUpgradeCheck = 0810;
				ORGANIZATIONNAME = "Tianxiao Yang";
				TargetAttributes = {
					2F0A7ADC1DD12CA60023A74A = {
						CreatedOnToolsVersion = 8.1;
						DevelopmentTeam = UHALF589W9;
						ProvisioningStyle = Automatic;
						SystemCapabilities = {
							com.apple.Keychain = {
								enabled = 1;
							};
						};
					};
				};
			};
			buildConfigurationList = 2F0A7AD81DD12CA60023A74A /* Build configuration list for PBXProject "socialMedia" */;
			compatibilityVersion = "Xcode 3.2";
			developmentRegion = English;
			hasScannedForEncodings = 0;
			knownRegions = (
				en,
				Base,
			);
			mainGroup = 2F0A7AD41DD12CA60023A74A;
			productRefGroup = 2F0A7ADE1DD12CA60023A74A /* Products */;
			projectDirPath = "";
			projectRoot = "";
			targets = (
				2F0A7ADC1DD12CA60023A74A /* socialMedia */,
			);
		};
/* End PBXProject section */

/* Begin PBXResourcesBuildPhase section */
		2F0A7ADB1DD12CA60023A74A /* Resources */ = {
			isa = PBXResourcesBuildPhase;
			buildActionMask = 2147483647;
			files = (
				2F0A7AEB1DD12CA60023A74A /* LaunchScreen.storyboard in Resources */,
				2F0A7AF31DD12D310023A74A /* GoogleService-Info.plist in Resources */,
				2F0A7B081DD25B550023A74A /* Assets.xcassets in Resources */,
				2F0A7AE61DD12CA60023A74A /* Main.storyboard in Resources */,
			);
			runOnlyForDeploymentPostprocessing = 0;
		};
/* End PBXResourcesBuildPhase section */

/* Begin PBXShellScriptBuildPhase section */
		7A9C5872E65C1B975AC8FB94 /* [CP] Check Pods Manifest.lock */ = {
			isa = PBXShellScriptBuildPhase;
			buildActionMask = 2147483647;
			files = (
			);
			inputPaths = (
			);
			name = "[CP] Check Pods Manifest.lock";
			outputPaths = (
			);
			runOnlyForDeploymentPostprocessing = 0;
			shellPath = /bin/sh;
			shellScript = "diff \"${PODS_ROOT}/../Podfile.lock\" \"${PODS_ROOT}/Manifest.lock\" > /dev/null\nif [ $? != 0 ] ; then\n    # print error to STDERR\n    echo \"error: The sandbox is not in sync with the Podfile.lock. Run 'pod install' or update your CocoaPods installation.\" >&2\n    exit 1\nfi\n";
			showEnvVarsInLog = 0;
		};
		84337230C53FD762DB3DD388 /* [CP] Copy Pods Resources */ = {
			isa = PBXShellScriptBuildPhase;
			buildActionMask = 2147483647;
			files = (
			);
			inputPaths = (
			);
			name = "[CP] Copy Pods Resources";
			outputPaths = (
			);
			runOnlyForDeploymentPostprocessing = 0;
			shellPath = /bin/sh;
			shellScript = "\"${SRCROOT}/Pods/Target Support Files/Pods-socialMedia/Pods-socialMedia-resources.sh\"\n";
			showEnvVarsInLog = 0;
		};
		B0A5D2BB0A2F49CD9AD42785 /* [CP] Embed Pods Frameworks */ = {
			isa = PBXShellScriptBuildPhase;
			buildActionMask = 2147483647;
			files = (
			);
			inputPaths = (
			);
			name = "[CP] Embed Pods Frameworks";
			outputPaths = (
			);
			runOnlyForDeploymentPostprocessing = 0;
			shellPath = /bin/sh;
			shellScript = "\"${SRCROOT}/Pods/Target Support Files/Pods-socialMedia/Pods-socialMedia-frameworks.sh\"\n";
			showEnvVarsInLog = 0;
		};
/* End PBXShellScriptBuildPhase section */

/* Begin PBXSourcesBuildPhase section */
		2F0A7AD91DD12CA60023A74A /* Sources */ = {
			isa = PBXSourcesBuildPhase;
			buildActionMask = 2147483647;
			files = (
				2F0A7B0A1DD25E040023A74A /* CircleView.swift in Sources */,
				2F0A7AE31DD12CA60023A74A /* SignInVC.swift in Sources */,
				2F0A7AFE1DD153320023A74A /* RoundButton.swift in Sources */,
				2F0A7B121DD2A9770023A74A /* Post.swift in Sources */,
				2F0A7B001DD155010023A74A /* FancyFeild.swift in Sources */,
				2F0A7B021DD155F30023A74A /* FancyButton.swift in Sources */,
				2F0A7B101DD27A000023A74A /* DataService.swift in Sources */,
				2F0A7B061DD2432B0023A74A /* FeedVC.swift in Sources */,
				2F0A7AE11DD12CA60023A74A /* AppDelegate.swift in Sources */,
				2F0A7AF91DD14DEE0023A74A /* FancyView.swift in Sources */,
				2F0A7AFC1DD14E960023A74A /* Constants.swift in Sources */,
				2F0A7B0D1DD263CD0023A74A /* PostCell.swift in Sources */,
			);
			runOnlyForDeploymentPostprocessing = 0;
		};
/* End PBXSourcesBuildPhase section */

/* Begin PBXVariantGroup section */
		2F0A7AE41DD12CA60023A74A /* Main.storyboard */ = {
			isa = PBXVariantGroup;
			children = (
				2F0A7AE51DD12CA60023A74A /* Base */,
			);
			name = Main.storyboard;
			sourceTree = "<group>";
		};
		2F0A7AE91DD12CA60023A74A /* LaunchScreen.storyboard */ = {
			isa = PBXVariantGroup;
			children = (
				2F0A7AEA1DD12CA60023A74A /* Base */,
			);
			name = LaunchScreen.storyboard;
			sourceTree = "<group>";
		};
/* End PBXVariantGroup section */

/* Begin XCBuildConfiguration section */
		2F0A7AED1DD12CA60023A74A /* Debug */ = {
			isa = XCBuildConfiguration;
			buildSettings = {
				ALWAYS_SEARCH_USER_PATHS = NO;
				CLANG_ANALYZER_NONNULL = YES;
				CLANG_CXX_LANGUAGE_STANDARD = "gnu++0x";
				CLANG_CXX_LIBRARY = "libc++";
				CLANG_ENABLE_MODULES = YES;
				CLANG_ENABLE_OBJC_ARC = YES;
				CLANG_WARN_BOOL_CONVERSION = YES;
				CLANG_WARN_CONSTANT_CONVERSION = YES;
				CLANG_WARN_DIRECT_OBJC_ISA_USAGE = YES_ERROR;
				CLANG_WARN_DOCUMENTATION_COMMENTS = YES;
				CLANG_WARN_EMPTY_BODY = YES;
				CLANG_WARN_ENUM_CONVERSION = YES;
				CLANG_WARN_INFINITE_RECURSION = YES;
				CLANG_WARN_INT_CONVERSION = YES;
				CLANG_WARN_OBJC_ROOT_CLASS = YES_ERROR;
				CLANG_WARN_SUSPICIOUS_MOVES = YES;
				CLANG_WARN_UNREACHABLE_CODE = YES;
				CLANG_WARN__DUPLICATE_METHOD_MATCH = YES;
				"CODE_SIGN_IDENTITY[sdk=iphoneos*]" = "iPhone Developer";
				COPY_PHASE_STRIP = NO;
				DEBUG_INFORMATION_FORMAT = dwarf;
				ENABLE_STRICT_OBJC_MSGSEND = YES;
				ENABLE_TESTABILITY = YES;
				GCC_C_LANGUAGE_STANDARD = gnu99;
				GCC_DYNAMIC_NO_PIC = NO;
				GCC_NO_COMMON_BLOCKS = YES;
				GCC_OPTIMIZATION_LEVEL = 0;
				GCC_PREPROCESSOR_DEFINITIONS = (
					"DEBUG=1",
					"$(inherited)",
				);
				GCC_WARN_64_TO_32_BIT_CONVERSION = YES;
				GCC_WARN_ABOUT_RETURN_TYPE = YES_ERROR;
				GCC_WARN_UNDECLARED_SELECTOR = YES;
				GCC_WARN_UNINITIALIZED_AUTOS = YES_AGGRESSIVE;
				GCC_WARN_UNUSED_FUNCTION = YES;
				GCC_WARN_UNUSED_VARIABLE = YES;
				IPHONEOS_DEPLOYMENT_TARGET = 10.1;
				MTL_ENABLE_DEBUG_INFO = YES;
				ONLY_ACTIVE_ARCH = YES;
				SDKROOT = iphoneos;
				SWIFT_ACTIVE_COMPILATION_CONDITIONS = DEBUG;
				SWIFT_OPTIMIZATION_LEVEL = "-Onone";
				TARGETED_DEVICE_FAMILY = "1,2";
			};
			name = Debug;
		};
		2F0A7AEE1DD12CA60023A74A /* Release */ = {
			isa = XCBuildConfiguration;
			buildSettings = {
				ALWAYS_SEARCH_USER_PATHS = NO;
				CLANG_ANALYZER_NONNULL = YES;
				CLANG_CXX_LANGUAGE_STANDARD = "gnu++0x";
				CLANG_CXX_LIBRARY = "libc++";
				CLANG_ENABLE_MODULES = YES;
				CLANG_ENABLE_OBJC_ARC = YES;
				CLANG_WARN_BOOL_CONVERSION = YES;
				CLANG_WARN_CONSTANT_CONVERSION = YES;
				CLANG_WARN_DIRECT_OBJC_ISA_USAGE = YES_ERROR;
				CLANG_WARN_DOCUMENTATION_COMMENTS = YES;
				CLANG_WARN_EMPTY_BODY = YES;
				CLANG_WARN_ENUM_CONVERSION = YES;
				CLANG_WARN_INFINITE_RECURSION = YES;
				CLANG_WARN_INT_CONVERSION = YES;
				CLANG_WARN_OBJC_ROOT_CLASS = YES_ERROR;
				CLANG_WARN_SUSPICIOUS_MOVES = YES;
				CLANG_WARN_UNREACHABLE_CODE = YES;
				CLANG_WARN__DUPLICATE_METHOD_MATCH = YES;
				"CODE_SIGN_IDENTITY[sdk=iphoneos*]" = "iPhone Developer";
				COPY_PHASE_STRIP = NO;
				DEBUG_INFORMATION_FORMAT = "dwarf-with-dsym";
				ENABLE_NS_ASSERTIONS = NO;
				ENABLE_STRICT_OBJC_MSGSEND = YES;
				GCC_C_LANGUAGE_STANDARD = gnu99;
				GCC_NO_COMMON_BLOCKS = YES;
				GCC_WARN_64_TO_32_BIT_CONVERSION = YES;
				GCC_WARN_ABOUT_RETURN_TYPE = YES_ERROR;
				GCC_WARN_UNDECLARED_SELECTOR = YES;
				GCC_WARN_UNINITIALIZED_AUTOS = YES_AGGRESSIVE;
				GCC_WARN_UNUSED_FUNCTION = YES;
				GCC_WARN_UNUSED_VARIABLE = YES;
				IPHONEOS_DEPLOYMENT_TARGET = 10.1;
				MTL_ENABLE_DEBUG_INFO = NO;
				SDKROOT = iphoneos;
				SWIFT_OPTIMIZATION_LEVEL = "-Owholemodule";
				TARGETED_DEVICE_FAMILY = "1,2";
				VALIDATE_PRODUCT = YES;
			};
			name = Release;
		};
		2F0A7AF01DD12CA60023A74A /* Debug */ = {
			isa = XCBuildConfiguration;
			baseConfigurationReference = 4ED8B2367EEC6AF4270A22C8 /* Pods-socialMedia.debug.xcconfig */;
			buildSettings = {
				ASSETCATALOG_COMPILER_APPICON_NAME = AppIcon;
				CODE_SIGN_ENTITLEMENTS = socialMedia/socialMedia.entitlements;
				DEVELOPMENT_TEAM = UHALF589W9;
				INFOPLIST_FILE = socialMedia/Info.plist;
				IPHONEOS_DEPLOYMENT_TARGET = 10.0;
				LD_RUNPATH_SEARCH_PATHS = "$(inherited) @executable_path/Frameworks";
				PRODUCT_BUNDLE_IDENTIFIER = com.tianxiao.socialMedia;
				PRODUCT_NAME = "$(TARGET_NAME)";
				SWIFT_OBJC_BRIDGING_HEADER = "";
				SWIFT_VERSION = 3.0;
			};
			name = Debug;
		};
		2F0A7AF11DD12CA60023A74A /* Release */ = {
			isa = XCBuildConfiguration;
			baseConfigurationReference = 8E3A7257713CF5E10AB615A8 /* Pods-socialMedia.release.xcconfig */;
			buildSettings = {
				ASSETCATALOG_COMPILER_APPICON_NAME = AppIcon;
				CODE_SIGN_ENTITLEMENTS = socialMedia/socialMedia.entitlements;
				DEVELOPMENT_TEAM = UHALF589W9;
				INFOPLIST_FILE = socialMedia/Info.plist;
				IPHONEOS_DEPLOYMENT_TARGET = 10.0;
				LD_RUNPATH_SEARCH_PATHS = "$(inherited) @executable_path/Frameworks";
				PRODUCT_BUNDLE_IDENTIFIER = com.tianxiao.socialMedia;
				PRODUCT_NAME = "$(TARGET_NAME)";
				SWIFT_OBJC_BRIDGING_HEADER = "";
				SWIFT_VERSION = 3.0;
			};
			name = Release;
		};
/* End XCBuildConfiguration section */

/* Begin XCConfigurationList section */
		2F0A7AD81DD12CA60023A74A /* Build configuration list for PBXProject "socialMedia" */ = {
			isa = XCConfigurationList;
			buildConfigurations = (
				2F0A7AED1DD12CA60023A74A /* Debug */,
				2F0A7AEE1DD12CA60023A74A /* Release */,
			);
			defaultConfigurationIsVisible = 0;
			defaultConfigurationName = Release;
		};
		2F0A7AEF1DD12CA60023A74A /* Build configuration list for PBXNativeTarget "socialMedia" */ = {
			isa = XCConfigurationList;
			buildConfigurations = (
				2F0A7AF01DD12CA60023A74A /* Debug */,
				2F0A7AF11DD12CA60023A74A /* Release */,
			);
			defaultConfigurationIsVisible = 0;
			defaultConfigurationName = Release;
		};
/* End XCConfigurationList section */
	};
	rootObject = 2F0A7AD51DD12CA60023A74A /* Project object */;
}
